// !$*UTF8*$!
{
	archiveVersion = 1;
	classes = {
	};
	objectVersion = 52;
	objects = {

/* Begin PBXBuildFile section */
		4C69915525C456FC00D56725 /* AppDelegate.swift in Sources */ = {isa = PBXBuildFile; fileRef = 4C69915425C456FC00D56725 /* AppDelegate.swift */; };
		4C69915725C456FC00D56725 /* SceneDelegate.swift in Sources */ = {isa = PBXBuildFile; fileRef = 4C69915625C456FC00D56725 /* SceneDelegate.swift */; };
		4C69915C25C456FC00D56725 /* Main.storyboard in Resources */ = {isa = PBXBuildFile; fileRef = 4C69915A25C456FC00D56725 /* Main.storyboard */; };
		4C69915E25C456FF00D56725 /* Assets.xcassets in Resources */ = {isa = PBXBuildFile; fileRef = 4C69915D25C456FF00D56725 /* Assets.xcassets */; };
		4C69916125C456FF00D56725 /* LaunchScreen.storyboard in Resources */ = {isa = PBXBuildFile; fileRef = 4C69915F25C456FF00D56725 /* LaunchScreen.storyboard */; };
		4C69916F25C58D3300D56725 /* PhotosViewController.swift in Sources */ = {isa = PBXBuildFile; fileRef = 4C69916E25C58D3300D56725 /* PhotosViewController.swift */; };
		4C69917625C5B32800D56725 /* PhotosViewModel.swift in Sources */ = {isa = PBXBuildFile; fileRef = 4C69917525C5B32800D56725 /* PhotosViewModel.swift */; };
		4C69917C25C6CF6C00D56725 /* PhotoTableViewCell.swift in Sources */ = {isa = PBXBuildFile; fileRef = 4C69917B25C6CF6C00D56725 /* PhotoTableViewCell.swift */; };
		4C69917F25C6D4A200D56725 /* PhotosLoader.swift in Sources */ = {isa = PBXBuildFile; fileRef = 4C69917E25C6D4A200D56725 /* PhotosLoader.swift */; };
		4C69918225C6D4B000D56725 /* PhotoItem.swift in Sources */ = {isa = PBXBuildFile; fileRef = 4C69918125C6D4B000D56725 /* PhotoItem.swift */; };
		4C69918925C6D50700D56725 /* Constants.swift in Sources */ = {isa = PBXBuildFile; fileRef = 4C69918825C6D50700D56725 /* Constants.swift */; };
		4C69918E25C6E6E900D56725 /* SDWebImage in Frameworks */ = {isa = PBXBuildFile; productRef = 4C69918D25C6E6E900D56725 /* SDWebImage */; };
		4C69919225C6F49500D56725 /* RemotePhotosLoader.swift in Sources */ = {isa = PBXBuildFile; fileRef = 4C69919125C6F49500D56725 /* RemotePhotosLoader.swift */; };
		4C69919725C6F73B00D56725 /* HTTPURLResponse+StatusCode.swift in Sources */ = {isa = PBXBuildFile; fileRef = 4C69919625C6F73B00D56725 /* HTTPURLResponse+StatusCode.swift */; };
		4C69919B25C6F7C400D56725 /* HTTPClient.swift in Sources */ = {isa = PBXBuildFile; fileRef = 4C69919A25C6F7C400D56725 /* HTTPClient.swift */; };
		4C69919E25C6F7DF00D56725 /* URLSessionHTTPClient.swift in Sources */ = {isa = PBXBuildFile; fileRef = 4C69919D25C6F7DF00D56725 /* URLSessionHTTPClient.swift */; };
		4C6991A125C6F7F300D56725 /* RemotePhotosMapper.swift in Sources */ = {isa = PBXBuildFile; fileRef = 4C6991A025C6F7F300D56725 /* RemotePhotosMapper.swift */; };
		4C6991A525C709F900D56725 /* PhotoListUIComposer.swift in Sources */ = {isa = PBXBuildFile; fileRef = 4C6991A425C709F900D56725 /* PhotoListUIComposer.swift */; };
/* End PBXBuildFile section */

/* Begin PBXFileReference section */
		4C69915125C456FC00D56725 /* SearchViewTest.app */ = {isa = PBXFileReference; explicitFileType = wrapper.application; includeInIndex = 0; path = SearchViewTest.app; sourceTree = BUILT_PRODUCTS_DIR; };
		4C69915425C456FC00D56725 /* AppDelegate.swift */ = {isa = PBXFileReference; lastKnownFileType = sourcecode.swift; path = AppDelegate.swift; sourceTree = "<group>"; };
		4C69915625C456FC00D56725 /* SceneDelegate.swift */ = {isa = PBXFileReference; lastKnownFileType = sourcecode.swift; path = SceneDelegate.swift; sourceTree = "<group>"; };
		4C69915B25C456FC00D56725 /* Base */ = {isa = PBXFileReference; lastKnownFileType = file.storyboard; name = Base; path = Base.lproj/Main.storyboard; sourceTree = "<group>"; };
		4C69915D25C456FF00D56725 /* Assets.xcassets */ = {isa = PBXFileReference; lastKnownFileType = folder.assetcatalog; path = Assets.xcassets; sourceTree = "<group>"; };
		4C69916025C456FF00D56725 /* Base */ = {isa = PBXFileReference; lastKnownFileType = file.storyboard; name = Base; path = Base.lproj/LaunchScreen.storyboard; sourceTree = "<group>"; };
		4C69916225C456FF00D56725 /* Info.plist */ = {isa = PBXFileReference; lastKnownFileType = text.plist.xml; path = Info.plist; sourceTree = "<group>"; };
		4C69916E25C58D3300D56725 /* PhotosViewController.swift */ = {isa = PBXFileReference; lastKnownFileType = sourcecode.swift; path = PhotosViewController.swift; sourceTree = "<group>"; };
		4C69917525C5B32800D56725 /* PhotosViewModel.swift */ = {isa = PBXFileReference; lastKnownFileType = sourcecode.swift; path = PhotosViewModel.swift; sourceTree = "<group>"; };
		4C69917B25C6CF6C00D56725 /* PhotoTableViewCell.swift */ = {isa = PBXFileReference; lastKnownFileType = sourcecode.swift; path = PhotoTableViewCell.swift; sourceTree = "<group>"; };
		4C69917E25C6D4A200D56725 /* PhotosLoader.swift */ = {isa = PBXFileReference; lastKnownFileType = sourcecode.swift; path = PhotosLoader.swift; sourceTree = "<group>"; };
		4C69918125C6D4B000D56725 /* PhotoItem.swift */ = {isa = PBXFileReference; lastKnownFileType = sourcecode.swift; path = PhotoItem.swift; sourceTree = "<group>"; };
		4C69918825C6D50700D56725 /* Constants.swift */ = {isa = PBXFileReference; lastKnownFileType = sourcecode.swift; path = Constants.swift; sourceTree = "<group>"; };
		4C69919125C6F49500D56725 /* RemotePhotosLoader.swift */ = {isa = PBXFileReference; lastKnownFileType = sourcecode.swift; path = RemotePhotosLoader.swift; sourceTree = "<group>"; };
		4C69919625C6F73B00D56725 /* HTTPURLResponse+StatusCode.swift */ = {isa = PBXFileReference; lastKnownFileType = sourcecode.swift; path = "HTTPURLResponse+StatusCode.swift"; sourceTree = "<group>"; };
		4C69919A25C6F7C400D56725 /* HTTPClient.swift */ = {isa = PBXFileReference; lastKnownFileType = sourcecode.swift; path = HTTPClient.swift; sourceTree = "<group>"; };
		4C69919D25C6F7DF00D56725 /* URLSessionHTTPClient.swift */ = {isa = PBXFileReference; lastKnownFileType = sourcecode.swift; path = URLSessionHTTPClient.swift; sourceTree = "<group>"; };
		4C6991A025C6F7F300D56725 /* RemotePhotosMapper.swift */ = {isa = PBXFileReference; lastKnownFileType = sourcecode.swift; path = RemotePhotosMapper.swift; sourceTree = "<group>"; };
		4C6991A425C709F900D56725 /* PhotoListUIComposer.swift */ = {isa = PBXFileReference; lastKnownFileType = sourcecode.swift; path = PhotoListUIComposer.swift; sourceTree = "<group>"; };
/* End PBXFileReference section */

/* Begin PBXFrameworksBuildPhase section */
		4C69914E25C456FC00D56725 /* Frameworks */ = {
			isa = PBXFrameworksBuildPhase;
			buildActionMask = 2147483647;
			files = (
				4C69918E25C6E6E900D56725 /* SDWebImage in Frameworks */,
			);
			runOnlyForDeploymentPostprocessing = 0;
		};
/* End PBXFrameworksBuildPhase section */

/* Begin PBXGroup section */
		4C69914825C456FC00D56725 = {
			isa = PBXGroup;
			children = (
				4C69915325C456FC00D56725 /* SearchViewTest */,
				4C69915225C456FC00D56725 /* Products */,
			);
			sourceTree = "<group>";
		};
		4C69915225C456FC00D56725 /* Products */ = {
			isa = PBXGroup;
			children = (
				4C69915125C456FC00D56725 /* SearchViewTest.app */,
			);
			name = Products;
			sourceTree = "<group>";
		};
		4C69915325C456FC00D56725 /* SearchViewTest */ = {
			isa = PBXGroup;
			children = (
				4C69919025C6F48100D56725 /* API */,
				4C69917E25C6D4A200D56725 /* PhotosLoader.swift */,
				4C6991A425C709F900D56725 /* PhotoListUIComposer.swift */,
				4C69918125C6D4B000D56725 /* PhotoItem.swift */,
				4C69918625C6D4E700D56725 /* Utils */,
				4C69916D25C58CFE00D56725 /* UI */,
				4C69915425C456FC00D56725 /* AppDelegate.swift */,
				4C69915625C456FC00D56725 /* SceneDelegate.swift */,
				4C69915A25C456FC00D56725 /* Main.storyboard */,
				4C69915D25C456FF00D56725 /* Assets.xcassets */,
				4C69915F25C456FF00D56725 /* LaunchScreen.storyboard */,
				4C69916225C456FF00D56725 /* Info.plist */,
			);
			path = SearchViewTest;
			sourceTree = "<group>";
		};
		4C69916D25C58CFE00D56725 /* UI */ = {
			isa = PBXGroup;
			children = (
				4C69916E25C58D3300D56725 /* PhotosViewController.swift */,
				4C69917525C5B32800D56725 /* PhotosViewModel.swift */,
				4C69917B25C6CF6C00D56725 /* PhotoTableViewCell.swift */,
			);
			path = UI;
			sourceTree = "<group>";
		};
		4C69918625C6D4E700D56725 /* Utils */ = {
			isa = PBXGroup;
			children = (
				4C69918825C6D50700D56725 /* Constants.swift */,
			);
			path = Utils;
			sourceTree = "<group>";
		};
		4C69919025C6F48100D56725 /* API */ = {
			isa = PBXGroup;
			children = (
				4C69919525C6F73400D56725 /* Helpers */,
				4C69919125C6F49500D56725 /* RemotePhotosLoader.swift */,
				4C6991A025C6F7F300D56725 /* RemotePhotosMapper.swift */,
				4C69919D25C6F7DF00D56725 /* URLSessionHTTPClient.swift */,
				4C69919A25C6F7C400D56725 /* HTTPClient.swift */,
			);
			path = API;
			sourceTree = "<group>";
		};
		4C69919525C6F73400D56725 /* Helpers */ = {
			isa = PBXGroup;
			children = (
				4C69919625C6F73B00D56725 /* HTTPURLResponse+StatusCode.swift */,
			);
			path = Helpers;
			sourceTree = "<group>";
		};
/* End PBXGroup section */

/* Begin PBXNativeTarget section */
		4C69915025C456FC00D56725 /* SearchViewTest */ = {
			isa = PBXNativeTarget;
			buildConfigurationList = 4C69916525C456FF00D56725 /* Build configuration list for PBXNativeTarget "SearchViewTest" */;
			buildPhases = (
				4C69914D25C456FC00D56725 /* Sources */,
				4C69914E25C456FC00D56725 /* Frameworks */,
				4C69914F25C456FC00D56725 /* Resources */,
			);
			buildRules = (
			);
			dependencies = (
			);
			name = SearchViewTest;
			packageProductDependencies = (
				4C69918D25C6E6E900D56725 /* SDWebImage */,
			);
			productName = SearchViewTest;
			productReference = 4C69915125C456FC00D56725 /* SearchViewTest.app */;
			productType = "com.apple.product-type.application";
		};
/* End PBXNativeTarget section */

/* Begin PBXProject section */
		4C69914925C456FC00D56725 /* Project object */ = {
			isa = PBXProject;
			attributes = {
				LastSwiftUpdateCheck = 1220;
				LastUpgradeCheck = 1220;
				TargetAttributes = {
					4C69915025C456FC00D56725 = {
						CreatedOnToolsVersion = 12.2;
					};
				};
			};
			buildConfigurationList = 4C69914C25C456FC00D56725 /* Build configuration list for PBXProject "SearchViewTest" */;
			compatibilityVersion = "Xcode 9.3";
			developmentRegion = en;
			hasScannedForEncodings = 0;
			knownRegions = (
				en,
				Base,
			);
			mainGroup = 4C69914825C456FC00D56725;
			packageReferences = (
				4C69918C25C6E6E900D56725 /* XCRemoteSwiftPackageReference "SDWebImage" */,
			);
			productRefGroup = 4C69915225C456FC00D56725 /* Products */;
			projectDirPath = "";
			projectRoot = "";
			targets = (
				4C69915025C456FC00D56725 /* SearchViewTest */,
			);
		};
/* End PBXProject section */

/* Begin PBXResourcesBuildPhase section */
		4C69914F25C456FC00D56725 /* Resources */ = {
			isa = PBXResourcesBuildPhase;
			buildActionMask = 2147483647;
			files = (
				4C69916125C456FF00D56725 /* LaunchScreen.storyboard in Resources */,
				4C69915E25C456FF00D56725 /* Assets.xcassets in Resources */,
				4C69915C25C456FC00D56725 /* Main.storyboard in Resources */,
			);
			runOnlyForDeploymentPostprocessing = 0;
		};
/* End PBXResourcesBuildPhase section */

/* Begin PBXSourcesBuildPhase section */
		4C69914D25C456FC00D56725 /* Sources */ = {
			isa = PBXSourcesBuildPhase;
			buildActionMask = 2147483647;
			files = (
				4C69917C25C6CF6C00D56725 /* PhotoTableViewCell.swift in Sources */,
				4C69919225C6F49500D56725 /* RemotePhotosLoader.swift in Sources */,
				4C6991A525C709F900D56725 /* PhotoListUIComposer.swift in Sources */,
				4C69919725C6F73B00D56725 /* HTTPURLResponse+StatusCode.swift in Sources */,
				4C6991A125C6F7F300D56725 /* RemotePhotosMapper.swift in Sources */,
				4C69917F25C6D4A200D56725 /* PhotosLoader.swift in Sources */,
				4C69918225C6D4B000D56725 /* PhotoItem.swift in Sources */,
				4C69916F25C58D3300D56725 /* PhotosViewController.swift in Sources */,
				4C69919B25C6F7C400D56725 /* HTTPClient.swift in Sources */,
				4C69915525C456FC00D56725 /* AppDelegate.swift in Sources */,
				4C69917625C5B32800D56725 /* PhotosViewModel.swift in Sources */,
				4C69915725C456FC00D56725 /* SceneDelegate.swift in Sources */,
				4C69918925C6D50700D56725 /* Constants.swift in Sources */,
				4C69919E25C6F7DF00D56725 /* URLSessionHTTPClient.swift in Sources */,
			);
			runOnlyForDeploymentPostprocessing = 0;
		};
/* End PBXSourcesBuildPhase section */

/* Begin PBXVariantGroup section */
		4C69915A25C456FC00D56725 /* Main.storyboard */ = {
			isa = PBXVariantGroup;
			children = (
				4C69915B25C456FC00D56725 /* Base */,
			);
			name = Main.storyboard;
			sourceTree = "<group>";
		};
		4C69915F25C456FF00D56725 /* LaunchScreen.storyboard */ = {
			isa = PBXVariantGroup;
			children = (
				4C69916025C456FF00D56725 /* Base */,
			);
			name = LaunchScreen.storyboard;
			sourceTree = "<group>";
		};
/* End PBXVariantGroup section */

/* Begin XCBuildConfiguration section */
		4C69916325C456FF00D56725 /* Debug */ = {
			isa = XCBuildConfiguration;
			buildSettings = {
				ALWAYS_SEARCH_USER_PATHS = NO;
				CLANG_ANALYZER_NONNULL = YES;
				CLANG_ANALYZER_NUMBER_OBJECT_CONVERSION = YES_AGGRESSIVE;
				CLANG_CXX_LANGUAGE_STANDARD = "gnu++14";
				CLANG_CXX_LIBRARY = "libc++";
				CLANG_ENABLE_MODULES = YES;
				CLANG_ENABLE_OBJC_ARC = YES;
				CLANG_ENABLE_OBJC_WEAK = YES;
				CLANG_WARN_BLOCK_CAPTURE_AUTORELEASING = YES;
				CLANG_WARN_BOOL_CONVERSION = YES;
				CLANG_WARN_COMMA = YES;
				CLANG_WARN_CONSTANT_CONVERSION = YES;
				CLANG_WARN_DEPRECATED_OBJC_IMPLEMENTATIONS = YES;
				CLANG_WARN_DIRECT_OBJC_ISA_USAGE = YES_ERROR;
				CLANG_WARN_DOCUMENTATION_COMMENTS = YES;
				CLANG_WARN_EMPTY_BODY = YES;
				CLANG_WARN_ENUM_CONVERSION = YES;
				CLANG_WARN_INFINITE_RECURSION = YES;
				CLANG_WARN_INT_CONVERSION = YES;
				CLANG_WARN_NON_LITERAL_NULL_CONVERSION = YES;
				CLANG_WARN_OBJC_IMPLICIT_RETAIN_SELF = YES;
				CLANG_WARN_OBJC_LITERAL_CONVERSION = YES;
				CLANG_WARN_OBJC_ROOT_CLASS = YES_ERROR;
				CLANG_WARN_QUOTED_INCLUDE_IN_FRAMEWORK_HEADER = YES;
				CLANG_WARN_RANGE_LOOP_ANALYSIS = YES;
				CLANG_WARN_STRICT_PROTOTYPES = YES;
				CLANG_WARN_SUSPICIOUS_MOVE = YES;
				CLANG_WARN_UNGUARDED_AVAILABILITY = YES_AGGRESSIVE;
				CLANG_WARN_UNREACHABLE_CODE = YES;
				CLANG_WARN__DUPLICATE_METHOD_MATCH = YES;
				COPY_PHASE_STRIP = NO;
				DEBUG_INFORMATION_FORMAT = dwarf;
				ENABLE_STRICT_OBJC_MSGSEND = YES;
				ENABLE_TESTABILITY = YES;
				GCC_C_LANGUAGE_STANDARD = gnu11;
				GCC_DYNAMIC_NO_PIC = NO;
				GCC_NO_COMMON_BLOCKS = YES;
				GCC_OPTIMIZATION_LEVEL = 0;
				GCC_PREPROCESSOR_DEFINITIONS = (
					"DEBUG=1",
					"$(inherited)",
				);
				GCC_WARN_64_TO_32_BIT_CONVERSION = YES;
				GCC_WARN_ABOUT_RETURN_TYPE = YES_ERROR;
				GCC_WARN_UNDECLARED_SELECTOR = YES;
				GCC_WARN_UNINITIALIZED_AUTOS = YES_AGGRESSIVE;
				GCC_WARN_UNUSED_FUNCTION = YES;
				GCC_WARN_UNUSED_VARIABLE = YES;
				IPHONEOS_DEPLOYMENT_TARGET = 14.2;
				MTL_ENABLE_DEBUG_INFO = INCLUDE_SOURCE;
				MTL_FAST_MATH = YES;
				ONLY_ACTIVE_ARCH = YES;
				SDKROOT = iphoneos;
				SWIFT_ACTIVE_COMPILATION_CONDITIONS = DEBUG;
				SWIFT_OPTIMIZATION_LEVEL = "-Onone";
			};
			name = Debug;
		};
		4C69916425C456FF00D56725 /* Release */ = {
			isa = XCBuildConfiguration;
			buildSettings = {
				ALWAYS_SEARCH_USER_PATHS = NO;
				CLANG_ANALYZER_NONNULL = YES;
				CLANG_ANALYZER_NUMBER_OBJECT_CONVERSION = YES_AGGRESSIVE;
				CLANG_CXX_LANGUAGE_STANDARD = "gnu++14";
				CLANG_CXX_LIBRARY = "libc++";
				CLANG_ENABLE_MODULES = YES;
				CLANG_ENABLE_OBJC_ARC = YES;
				CLANG_ENABLE_OBJC_WEAK = YES;
				CLANG_WARN_BLOCK_CAPTURE_AUTORELEASING = YES;
				CLANG_WARN_BOOL_CONVERSION = YES;
				CLANG_WARN_COMMA = YES;
				CLANG_WARN_CONSTANT_CONVERSION = YES;
				CLANG_WARN_DEPRECATED_OBJC_IMPLEMENTATIONS = YES;
				CLANG_WARN_DIRECT_OBJC_ISA_USAGE = YES_ERROR;
				CLANG_WARN_DOCUMENTATION_COMMENTS = YES;
				CLANG_WARN_EMPTY_BODY = YES;
				CLANG_WARN_ENUM_CONVERSION = YES;
				CLANG_WARN_INFINITE_RECURSION = YES;
				CLANG_WARN_INT_CONVERSION = YES;
				CLANG_WARN_NON_LITERAL_NULL_CONVERSION = YES;
				CLANG_WARN_OBJC_IMPLICIT_RETAIN_SELF = YES;
				CLANG_WARN_OBJC_LITERAL_CONVERSION = YES;
				CLANG_WARN_OBJC_ROOT_CLASS = YES_ERROR;
				CLANG_WARN_QUOTED_INCLUDE_IN_FRAMEWORK_HEADER = YES;
				CLANG_WARN_RANGE_LOOP_ANALYSIS = YES;
				CLANG_WARN_STRICT_PROTOTYPES = YES;
				CLANG_WARN_SUSPICIOUS_MOVE = YES;
				CLANG_WARN_UNGUARDED_AVAILABILITY = YES_AGGRESSIVE;
				CLANG_WARN_UNREACHABLE_CODE = YES;
				CLANG_WARN__DUPLICATE_METHOD_MATCH = YES;
				COPY_PHASE_STRIP = NO;
				DEBUG_INFORMATION_FORMAT = "dwarf-with-dsym";
				ENABLE_NS_ASSERTIONS = NO;
				ENABLE_STRICT_OBJC_MSGSEND = YES;
				GCC_C_LANGUAGE_STANDARD = gnu11;
				GCC_NO_COMMON_BLOCKS = YES;
				GCC_WARN_64_TO_32_BIT_CONVERSION = YES;
				GCC_WARN_ABOUT_RETURN_TYPE = YES_ERROR;
				GCC_WARN_UNDECLARED_SELECTOR = YES;
				GCC_WARN_UNINITIALIZED_AUTOS = YES_AGGRESSIVE;
				GCC_WARN_UNUSED_FUNCTION = YES;
				GCC_WARN_UNUSED_VARIABLE = YES;
				IPHONEOS_DEPLOYMENT_TARGET = 14.2;
				MTL_ENABLE_DEBUG_INFO = NO;
				MTL_FAST_MATH = YES;
				SDKROOT = iphoneos;
				SWIFT_COMPILATION_MODE = wholemodule;
				SWIFT_OPTIMIZATION_LEVEL = "-O";
				VALIDATE_PRODUCT = YES;
			};
			name = Release;
		};
		4C69916625C456FF00D56725 /* Debug */ = {
			isa = XCBuildConfiguration;
			buildSettings = {
				ASSETCATALOG_COMPILER_APPICON_NAME = AppIcon;
				ASSETCATALOG_COMPILER_GLOBAL_ACCENT_COLOR_NAME = AccentColor;
				CODE_SIGN_STYLE = Automatic;
				DEVELOPMENT_TEAM = 668NNJA66N;
				INFOPLIST_FILE = SearchViewTest/Info.plist;
				LD_RUNPATH_SEARCH_PATHS = (
					"$(inherited)",
					"@executable_path/Frameworks",
				);
				PRODUCT_BUNDLE_IDENTIFIER = com.boazfrenkel.SearchViewTest;
				PRODUCT_NAME = "$(TARGET_NAME)";
				SWIFT_VERSION = 5.0;
				TARGETED_DEVICE_FAMILY = "1,2";
			};
			name = Debug;
		};
		4C69916725C456FF00D56725 /* Release */ = {
			isa = XCBuildConfiguration;
			buildSettings = {
				ASSETCATALOG_COMPILER_APPICON_NAME = AppIcon;
				ASSETCATALOG_COMPILER_GLOBAL_ACCENT_COLOR_NAME = AccentColor;
				CODE_SIGN_STYLE = Automatic;
				DEVELOPMENT_TEAM = 668NNJA66N;
				INFOPLIST_FILE = SearchViewTest/Info.plist;
				LD_RUNPATH_SEARCH_PATHS = (
					"$(inherited)",
					"@executable_path/Frameworks",
				);
				PRODUCT_BUNDLE_IDENTIFIER = com.boazfrenkel.SearchViewTest;
				PRODUCT_NAME = "$(TARGET_NAME)";
				SWIFT_VERSION = 5.0;
				TARGETED_DEVICE_FAMILY = "1,2";
			};
			name = Release;
		};
/* End XCBuildConfiguration section */

/* Begin XCConfigurationList section */
		4C69914C25C456FC00D56725 /* Build configuration list for PBXProject "SearchViewTest" */ = {
			isa = XCConfigurationList;
			buildConfigurations = (
				4C69916325C456FF00D56725 /* Debug */,
				4C69916425C456FF00D56725 /* Release */,
			);
			defaultConfigurationIsVisible = 0;
			defaultConfigurationName = Release;
		};
		4C69916525C456FF00D56725 /* Build configuration list for PBXNativeTarget "SearchViewTest" */ = {
			isa = XCConfigurationList;
			buildConfigurations = (
				4C69916625C456FF00D56725 /* Debug */,
				4C69916725C456FF00D56725 /* Release */,
			);
			defaultConfigurationIsVisible = 0;
			defaultConfigurationName = Release;
		};
/* End XCConfigurationList section */

/* Begin XCRemoteSwiftPackageReference section */
		4C69918C25C6E6E900D56725 /* XCRemoteSwiftPackageReference "SDWebImage" */ = {
			isa = XCRemoteSwiftPackageReference;
			repositoryURL = "https://github.com/SDWebImage/SDWebImage.git";
			requirement = {
				kind = upToNextMajorVersion;
				minimumVersion = 5.10.3;
			};
		};
/* End XCRemoteSwiftPackageReference section */

/* Begin XCSwiftPackageProductDependency section */
		4C69918D25C6E6E900D56725 /* SDWebImage */ = {
			isa = XCSwiftPackageProductDependency;
			package = 4C69918C25C6E6E900D56725 /* XCRemoteSwiftPackageReference "SDWebImage" */;
			productName = SDWebImage;
		};
/* End XCSwiftPackageProductDependency section */
	};
	rootObject = 4C69914925C456FC00D56725 /* Project object */;
}
